// !$*UTF8*$!
{
	archiveVersion = 1;
	classes = {
	};
	objectVersion = 45;
	objects = {

/* Begin PBXBuildFile section */
		1D3623260D0F684500981E51 /* nametagAppDelegate.m in Sources */ = {isa = PBXBuildFile; fileRef = 1D3623250D0F684500981E51 /* nametagAppDelegate.m */; };
		1D60589B0D05DD56006BFB54 /* main.m in Sources */ = {isa = PBXBuildFile; fileRef = 29B97316FDCFA39411CA2CEA /* main.m */; };
		1D60589F0D05DD5A006BFB54 /* Foundation.framework in Frameworks */ = {isa = PBXBuildFile; fileRef = 1D30AB110D05D00D00671497 /* Foundation.framework */; };
		1DF5F4E00D08C38300B7A737 /* UIKit.framework in Frameworks */ = {isa = PBXBuildFile; fileRef = 1DF5F4DF0D08C38300B7A737 /* UIKit.framework */; };
		2899E5220DE3E06400AC0155 /* nametagViewController.xib in Resources */ = {isa = PBXBuildFile; fileRef = 2899E5210DE3E06400AC0155 /* nametagViewController.xib */; };
		28AD733F0D9D9553002E5188 /* MainWindow.xib in Resources */ = {isa = PBXBuildFile; fileRef = 28AD733E0D9D9553002E5188 /* MainWindow.xib */; };
		28D7ACF80DDB3853001CB0EB /* nametagViewController.m in Sources */ = {isa = PBXBuildFile; fileRef = 28D7ACF70DDB3853001CB0EB /* nametagViewController.m */; };
		AB06330B0E6704F200189B09 /* Settings.bundle in Resources */ = {isa = PBXBuildFile; fileRef = AB06330A0E6704F200189B09 /* Settings.bundle */; };
		AB0633210E67065D00189B09 /* SettingsController.m in Sources */ = {isa = PBXBuildFile; fileRef = AB0633200E67065D00189B09 /* SettingsController.m */; };
		AB0633270E67068500189B09 /* TwoColumnEditableCell.m in Sources */ = {isa = PBXBuildFile; fileRef = AB0633260E67068500189B09 /* TwoColumnEditableCell.m */; };
		AB06332B0E67083900189B09 /* SettingsView.xib in Resources */ = {isa = PBXBuildFile; fileRef = AB06332A0E67083900189B09 /* SettingsView.xib */; };
		AB0633350E6708B300189B09 /* CoreGraphics.framework in Frameworks */ = {isa = PBXBuildFile; fileRef = AB0633340E6708B200189B09 /* CoreGraphics.framework */; };
		AB5042E00E67AC2900A860ED /* Icon.png in Resources */ = {isa = PBXBuildFile; fileRef = AB5042DF0E67AC2900A860ED /* Icon.png */; };
		AB639A940E675BA400001069 /* Default.png in Resources */ = {isa = PBXBuildFile; fileRef = AB639A930E675BA400001069 /* Default.png */; };
		AB639A960E675BAD00001069 /* settingsHeader.png in Resources */ = {isa = PBXBuildFile; fileRef = AB639A950E675BAD00001069 /* settingsHeader.png */; };
		AB639AAE0E675DA300001069 /* libPinchMediaAnalyticsDevice.a in Frameworks */ = {isa = PBXBuildFile; fileRef = AB639AAB0E675DA300001069 /* libPinchMediaAnalyticsDevice.a */; };
		AB639AAF0E675DA300001069 /* libPinchMediaAnalyticsSimulator.a in Frameworks */ = {isa = PBXBuildFile; fileRef = AB639AAD0E675DA300001069 /* libPinchMediaAnalyticsSimulator.a */; };
		AB639AB80E675E1700001069 /* libsqlite3.0.dylib in Frameworks */ = {isa = PBXBuildFile; fileRef = AB639AB70E675E1700001069 /* libsqlite3.0.dylib */; };
		AB639ABA0E675E2200001069 /* CoreLocation.framework in Frameworks */ = {isa = PBXBuildFile; fileRef = AB639AB90E675E2200001069 /* CoreLocation.framework */; };
		AB639ABE0E675E2900001069 /* SystemConfiguration.framework in Frameworks */ = {isa = PBXBuildFile; fileRef = AB639ABD0E675E2900001069 /* SystemConfiguration.framework */; };
/* End PBXBuildFile section */

/* Begin PBXFileReference section */
		1D30AB110D05D00D00671497 /* Foundation.framework */ = {isa = PBXFileReference; lastKnownFileType = wrapper.framework; name = Foundation.framework; path = System/Library/Frameworks/Foundation.framework; sourceTree = SDKROOT; };
		1D3623240D0F684500981E51 /* nametagAppDelegate.h */ = {isa = PBXFileReference; fileEncoding = 4; lastKnownFileType = sourcecode.c.h; path = nametagAppDelegate.h; sourceTree = "<group>"; };
		1D3623250D0F684500981E51 /* nametagAppDelegate.m */ = {isa = PBXFileReference; fileEncoding = 4; lastKnownFileType = sourcecode.c.objc; path = nametagAppDelegate.m; sourceTree = "<group>"; };
		1D6058910D05DD3D006BFB54 /* nametag.app */ = {isa = PBXFileReference; explicitFileType = wrapper.application; includeInIndex = 0; path = nametag.app; sourceTree = BUILT_PRODUCTS_DIR; };
		1DF5F4DF0D08C38300B7A737 /* UIKit.framework */ = {isa = PBXFileReference; lastKnownFileType = wrapper.framework; name = UIKit.framework; path = System/Library/Frameworks/UIKit.framework; sourceTree = SDKROOT; };
		2899E5210DE3E06400AC0155 /* nametagViewController.xib */ = {isa = PBXFileReference; lastKnownFileType = file.xib; path = nametagViewController.xib; sourceTree = "<group>"; };
		28AD733E0D9D9553002E5188 /* MainWindow.xib */ = {isa = PBXFileReference; lastKnownFileType = file.xib; path = MainWindow.xib; sourceTree = "<group>"; };
		28D7ACF60DDB3853001CB0EB /* nametagViewController.h */ = {isa = PBXFileReference; fileEncoding = 4; lastKnownFileType = sourcecode.c.h; path = nametagViewController.h; sourceTree = "<group>"; };
		28D7ACF70DDB3853001CB0EB /* nametagViewController.m */ = {isa = PBXFileReference; fileEncoding = 4; lastKnownFileType = sourcecode.c.objc; path = nametagViewController.m; sourceTree = "<group>"; };
		29B97316FDCFA39411CA2CEA /* main.m */ = {isa = PBXFileReference; fileEncoding = 4; lastKnownFileType = sourcecode.c.objc; path = main.m; sourceTree = "<group>"; };
		32CA4F630368D1EE00C91783 /* nametag_Prefix.pch */ = {isa = PBXFileReference; fileEncoding = 4; lastKnownFileType = sourcecode.c.h; path = nametag_Prefix.pch; sourceTree = "<group>"; };
		8D1107310486CEB800E47090 /* Info.plist */ = {isa = PBXFileReference; fileEncoding = 4; lastKnownFileType = text.plist.xml; path = Info.plist; sourceTree = "<group>"; };
		AB06330A0E6704F200189B09 /* Settings.bundle */ = {isa = PBXFileReference; lastKnownFileType = "wrapper.plug-in"; path = Settings.bundle; sourceTree = "<group>"; };
		AB06331F0E67065D00189B09 /* SettingsController.h */ = {isa = PBXFileReference; fileEncoding = 4; lastKnownFileType = sourcecode.c.h; path = SettingsController.h; sourceTree = "<group>"; };
		AB0633200E67065D00189B09 /* SettingsController.m */ = {isa = PBXFileReference; fileEncoding = 4; lastKnownFileType = sourcecode.c.objc; path = SettingsController.m; sourceTree = "<group>"; };
		AB0633250E67068500189B09 /* TwoColumnEditableCell.h */ = {isa = PBXFileReference; fileEncoding = 4; lastKnownFileType = sourcecode.c.h; path = TwoColumnEditableCell.h; sourceTree = "<group>"; };
		AB0633260E67068500189B09 /* TwoColumnEditableCell.m */ = {isa = PBXFileReference; fileEncoding = 4; lastKnownFileType = sourcecode.c.objc; path = TwoColumnEditableCell.m; sourceTree = "<group>"; };
		AB06332A0E67083900189B09 /* SettingsView.xib */ = {isa = PBXFileReference; lastKnownFileType = file.xib; path = SettingsView.xib; sourceTree = "<group>"; };
		AB0633340E6708B200189B09 /* CoreGraphics.framework */ = {isa = PBXFileReference; lastKnownFileType = wrapper.framework; name = CoreGraphics.framework; path = System/Library/Frameworks/CoreGraphics.framework; sourceTree = SDKROOT; };
		AB5042DF0E67AC2900A860ED /* Icon.png */ = {isa = PBXFileReference; lastKnownFileType = image.png; path = Icon.png; sourceTree = "<group>"; };
		AB639A930E675BA400001069 /* Default.png */ = {isa = PBXFileReference; lastKnownFileType = image.png; path = Default.png; sourceTree = "<group>"; };
		AB639A950E675BAD00001069 /* settingsHeader.png */ = {isa = PBXFileReference; lastKnownFileType = image.png; path = settingsHeader.png; sourceTree = "<group>"; };
		AB639AAB0E675DA300001069 /* libPinchMediaAnalyticsDevice.a */ = {isa = PBXFileReference; lastKnownFileType = archive.ar; path = libPinchMediaAnalyticsDevice.a; sourceTree = "<group>"; };
		AB639AAC0E675DA300001069 /* Beacon.h */ = {isa = PBXFileReference; fileEncoding = 4; lastKnownFileType = sourcecode.c.h; path = Beacon.h; sourceTree = "<group>"; };
		AB639AAD0E675DA300001069 /* libPinchMediaAnalyticsSimulator.a */ = {isa = PBXFileReference; lastKnownFileType = archive.ar; path = libPinchMediaAnalyticsSimulator.a; sourceTree = "<group>"; };
		AB639AB70E675E1700001069 /* libsqlite3.0.dylib */ = {isa = PBXFileReference; lastKnownFileType = "compiled.mach-o.dylib"; name = libsqlite3.0.dylib; path = usr/lib/libsqlite3.0.dylib; sourceTree = SDKROOT; };
		AB639AB90E675E2200001069 /* CoreLocation.framework */ = {isa = PBXFileReference; lastKnownFileType = wrapper.framework; name = CoreLocation.framework; path = System/Library/Frameworks/CoreLocation.framework; sourceTree = SDKROOT; };
		AB639ABD0E675E2900001069 /* SystemConfiguration.framework */ = {isa = PBXFileReference; lastKnownFileType = wrapper.framework; name = SystemConfiguration.framework; path = System/Library/Frameworks/SystemConfiguration.framework; sourceTree = SDKROOT; };
/* End PBXFileReference section */

/* Begin PBXFrameworksBuildPhase section */
		1D60588F0D05DD3D006BFB54 /* Frameworks */ = {
			isa = PBXFrameworksBuildPhase;
			buildActionMask = 2147483647;
			files = (
				1D60589F0D05DD5A006BFB54 /* Foundation.framework in Frameworks */,
				1DF5F4E00D08C38300B7A737 /* UIKit.framework in Frameworks */,
				AB0633350E6708B300189B09 /* CoreGraphics.framework in Frameworks */,
				AB639AAE0E675DA300001069 /* libPinchMediaAnalyticsDevice.a in Frameworks */,
				AB639AAF0E675DA300001069 /* libPinchMediaAnalyticsSimulator.a in Frameworks */,
				AB639AB80E675E1700001069 /* libsqlite3.0.dylib in Frameworks */,
				AB639ABA0E675E2200001069 /* CoreLocation.framework in Frameworks */,
				AB639ABE0E675E2900001069 /* SystemConfiguration.framework in Frameworks */,
			);
			runOnlyForDeploymentPostprocessing = 0;
		};
/* End PBXFrameworksBuildPhase section */

/* Begin PBXGroup section */
		080E96DDFE201D6D7F000001 /* Classes */ = {
			isa = PBXGroup;
			children = (
				AB639AB60E675DCE00001069 /* pinchmedia */,
				AB639A830E6759A500001069 /* controllers */,
				AB639A820E67599C00001069 /* table_view_cells */,
				1D3623240D0F684500981E51 /* nametagAppDelegate.h */,
				1D3623250D0F684500981E51 /* nametagAppDelegate.m */,
			);
			path = Classes;
			sourceTree = "<group>";
		};
		19C28FACFE9D520D11CA2CBB /* Products */ = {
			isa = PBXGroup;
			children = (
				1D6058910D05DD3D006BFB54 /* nametag.app */,
			);
			name = Products;
			sourceTree = "<group>";
		};
		29B97314FDCFA39411CA2CEA /* CustomTemplate */ = {
			isa = PBXGroup;
			children = (
				080E96DDFE201D6D7F000001 /* Classes */,
				29B97315FDCFA39411CA2CEA /* Other Sources */,
				29B97317FDCFA39411CA2CEA /* Resources */,
				29B97323FDCFA39411CA2CEA /* Frameworks */,
				19C28FACFE9D520D11CA2CBB /* Products */,
				AB06330A0E6704F200189B09 /* Settings.bundle */,
				AB639AB70E675E1700001069 /* libsqlite3.0.dylib */,
				AB639AB90E675E2200001069 /* CoreLocation.framework */,
				AB639ABD0E675E2900001069 /* SystemConfiguration.framework */,
			);
			name = CustomTemplate;
			sourceTree = "<group>";
		};
		29B97315FDCFA39411CA2CEA /* Other Sources */ = {
			isa = PBXGroup;
			children = (
				32CA4F630368D1EE00C91783 /* nametag_Prefix.pch */,
				29B97316FDCFA39411CA2CEA /* main.m */,
			);
			name = "Other Sources";
			sourceTree = "<group>";
		};
		29B97317FDCFA39411CA2CEA /* Resources */ = {
			isa = PBXGroup;
			children = (
				AB639A930E675BA400001069 /* Default.png */,
				AB639A950E675BAD00001069 /* settingsHeader.png */,
				2899E5210DE3E06400AC0155 /* nametagViewController.xib */,
				28AD733E0D9D9553002E5188 /* MainWindow.xib */,
				AB06332A0E67083900189B09 /* SettingsView.xib */,
				AB5042DF0E67AC2900A860ED /* Icon.png */,
				8D1107310486CEB800E47090 /* Info.plist */,
			);
			name = Resources;
			sourceTree = "<group>";
		};
		29B97323FDCFA39411CA2CEA /* Frameworks */ = {
			isa = PBXGroup;
			children = (
				AB0633340E6708B200189B09 /* CoreGraphics.framework */,
				1DF5F4DF0D08C38300B7A737 /* UIKit.framework */,
				1D30AB110D05D00D00671497 /* Foundation.framework */,
			);
			name = Frameworks;
			sourceTree = "<group>";
		};
		AB639A820E67599C00001069 /* table_view_cells */ = {
			isa = PBXGroup;
			children = (
				AB0633250E67068500189B09 /* TwoColumnEditableCell.h */,
				AB0633260E67068500189B09 /* TwoColumnEditableCell.m */,
			);
			name = table_view_cells;
			sourceTree = "<group>";
		};
		AB639A830E6759A500001069 /* controllers */ = {
			isa = PBXGroup;
			children = (
				28D7ACF60DDB3853001CB0EB /* nametagViewController.h */,
				28D7ACF70DDB3853001CB0EB /* nametagViewController.m */,
				AB06331F0E67065D00189B09 /* SettingsController.h */,
				AB0633200E67065D00189B09 /* SettingsController.m */,
			);
			name = controllers;
			sourceTree = "<group>";
		};
		AB639AB60E675DCE00001069 /* pinchmedia */ = {
			isa = PBXGroup;
			children = (
				AB639AAB0E675DA300001069 /* libPinchMediaAnalyticsDevice.a */,
				AB639AAC0E675DA300001069 /* Beacon.h */,
				AB639AAD0E675DA300001069 /* libPinchMediaAnalyticsSimulator.a */,
			);
			name = pinchmedia;
			sourceTree = "<group>";
		};
/* End PBXGroup section */

/* Begin PBXNativeTarget section */
		1D6058900D05DD3D006BFB54 /* nametag */ = {
			isa = PBXNativeTarget;
			buildConfigurationList = 1D6058960D05DD3E006BFB54 /* Build configuration list for PBXNativeTarget "nametag" */;
			buildPhases = (
				1D60588D0D05DD3D006BFB54 /* Resources */,
				1D60588E0D05DD3D006BFB54 /* Sources */,
				1D60588F0D05DD3D006BFB54 /* Frameworks */,
			);
			buildRules = (
			);
			dependencies = (
			);
			name = nametag;
			productName = nametag;
			productReference = 1D6058910D05DD3D006BFB54 /* nametag.app */;
			productType = "com.apple.product-type.application";
		};
/* End PBXNativeTarget section */

/* Begin PBXProject section */
		29B97313FDCFA39411CA2CEA /* Project object */ = {
			isa = PBXProject;
			buildConfigurationList = C01FCF4E08A954540054247B /* Build configuration list for PBXProject "nametag" */;
			compatibilityVersion = "Xcode 3.1";
			hasScannedForEncodings = 1;
			mainGroup = 29B97314FDCFA39411CA2CEA /* CustomTemplate */;
			projectDirPath = "";
			projectRoot = "";
			targets = (
				1D6058900D05DD3D006BFB54 /* nametag */,
			);
		};
/* End PBXProject section */

/* Begin PBXResourcesBuildPhase section */
		1D60588D0D05DD3D006BFB54 /* Resources */ = {
			isa = PBXResourcesBuildPhase;
			buildActionMask = 2147483647;
			files = (
				28AD733F0D9D9553002E5188 /* MainWindow.xib in Resources */,
				2899E5220DE3E06400AC0155 /* nametagViewController.xib in Resources */,
				AB06330B0E6704F200189B09 /* Settings.bundle in Resources */,
				AB06332B0E67083900189B09 /* SettingsView.xib in Resources */,
				AB639A940E675BA400001069 /* Default.png in Resources */,
				AB639A960E675BAD00001069 /* settingsHeader.png in Resources */,
				AB5042E00E67AC2900A860ED /* Icon.png in Resources */,
			);
			runOnlyForDeploymentPostprocessing = 0;
		};
/* End PBXResourcesBuildPhase section */

/* Begin PBXSourcesBuildPhase section */
		1D60588E0D05DD3D006BFB54 /* Sources */ = {
			isa = PBXSourcesBuildPhase;
			buildActionMask = 2147483647;
			files = (
				1D60589B0D05DD56006BFB54 /* main.m in Sources */,
				1D3623260D0F684500981E51 /* nametagAppDelegate.m in Sources */,
				28D7ACF80DDB3853001CB0EB /* nametagViewController.m in Sources */,
				AB0633210E67065D00189B09 /* SettingsController.m in Sources */,
				AB0633270E67068500189B09 /* TwoColumnEditableCell.m in Sources */,
			);
			runOnlyForDeploymentPostprocessing = 0;
		};
/* End PBXSourcesBuildPhase section */

/* Begin XCBuildConfiguration section */
		1D6058940D05DD3E006BFB54 /* Debug */ = {
			isa = XCBuildConfiguration;
			buildSettings = {
				ALWAYS_SEARCH_USER_PATHS = NO;
				COPY_PHASE_STRIP = NO;
				GCC_DYNAMIC_NO_PIC = NO;
				GCC_OPTIMIZATION_LEVEL = 0;
				GCC_PRECOMPILE_PREFIX_HEADER = YES;
				GCC_PREFIX_HEADER = nametag_Prefix.pch;
				INFOPLIST_FILE = Info.plist;
				LIBRARY_SEARCH_PATHS = (
					"$(inherited)",
					"\"$(SRCROOT)/Classes\"",
				);
				PRODUCT_NAME = nametag;
			};
			name = Debug;
		};
		1D6058950D05DD3E006BFB54 /* Release */ = {
			isa = XCBuildConfiguration;
			buildSettings = {
				ALWAYS_SEARCH_USER_PATHS = NO;
				COPY_PHASE_STRIP = YES;
				GCC_PRECOMPILE_PREFIX_HEADER = YES;
				GCC_PREFIX_HEADER = nametag_Prefix.pch;
				INFOPLIST_FILE = Info.plist;
				LIBRARY_SEARCH_PATHS = (
					"$(inherited)",
					"\"$(SRCROOT)/Classes\"",
				);
				PRODUCT_NAME = nametag;
			};
			name = Release;
		};
		C01FCF4F08A954540054247B /* Debug */ = {
			isa = XCBuildConfiguration;
			buildSettings = {
				ARCHS = "$(ARCHS_STANDARD_32_BIT)";
				"CODE_SIGN_IDENTITY[sdk=iphoneos*]" = "iPhone Developer: Jonathan George";
				GCC_C_LANGUAGE_STANDARD = c99;
				GCC_WARN_ABOUT_RETURN_TYPE = YES;
				GCC_WARN_UNUSED_VARIABLE = YES;
				ONLY_ACTIVE_ARCH = YES;
				PREBINDING = NO;
				"PROVISIONING_PROFILE[sdk=iphoneos*]" = "071A2E3B-125E-4369-9557-9B10CB9CA56C";
				SDKROOT = iphoneos2.0;
			};
			name = Debug;
		};
		C01FCF5008A954540054247B /* Release */ = {
			isa = XCBuildConfiguration;
			buildSettings = {
				ARCHS = "$(ARCHS_STANDARD_32_BIT)";
				"CODE_SIGN_IDENTITY[sdk=iphoneos*]" = "iPhone Developer";
				GCC_C_LANGUAGE_STANDARD = c99;
				GCC_WARN_ABOUT_RETURN_TYPE = YES;
				GCC_WARN_UNUSED_VARIABLE = YES;
				PREBINDING = NO;
				SDKROOT = iphoneos2.0;
			};
			name = Release;
		};
/* End XCBuildConfiguration section */

/* Begin XCConfigurationList section */
		1D6058960D05DD3E006BFB54 /* Build configuration list for PBXNativeTarget "nametag" */ = {
			isa = XCConfigurationList;
			buildConfigurations = (
				1D6058940D05DD3E006BFB54 /* Debug */,
				1D6058950D05DD3E006BFB54 /* Release */,
			);
			defaultConfigurationIsVisible = 0;
			defaultConfigurationName = Release;
		};
		C01FCF4E08A954540054247B /* Build configuration list for PBXProject "nametag" */ = {
			isa = XCConfigurationList;
			buildConfigurations = (
				C01FCF4F08A954540054247B /* Debug */,
				C01FCF5008A954540054247B /* Release */,
			);
			defaultConfigurationIsVisible = 0;
			defaultConfigurationName = Release;
		};
/* End XCConfigurationList section */
	};
	rootObject = 29B97313FDCFA39411CA2CEA /* Project object */;
}
